
Microsoft Visual Studio Solution File, Format Version 12.00
# Visual Studio Version 17
VisualStudioVersion = 17.7.34031.279
MinimumVisualStudioVersion = 10.0.40219.1
Project("{FAE04EC0-301F-11D3-BF4B-00C04F79EFBC}") = "POS.App", "POS.App\POS.App.csproj", "{3BF91FDD-FE96-4E0F-B7ED-1EB1E824F721}"
EndProject
Project("{FAE04EC0-301F-11D3-BF4B-00C04F79EFBC}") = "POS.Lib", "POS.Lib\POS.Lib.csproj", "{EE827BDD-B2C1-466D-B74E-5F1D857EEF8E}"
EndProject
Global
	GlobalSection(SolutionConfigurationPlatforms) = preSolution
		Debug|Any CPU = Debug|Any CPU
		Release|Any CPU = Release|Any CPU
	EndGlobalSection
	GlobalSection(ProjectConfigurationPlatforms) = postSolution
		{3BF91FDD-FE96-4E0F-B7ED-1EB1E824F721}.Debug|Any CPU.ActiveCfg = Debug|Any CPU
		{3BF91FDD-FE96-4E0F-B7ED-1EB1E824F721}.Debug|Any CPU.Build.0 = Debug|Any CPU
		{3BF91FDD-FE96-4E0F-B7ED-1EB1E824F721}.Release|Any CPU.ActiveCfg = Release|Any CPU
		{3BF91FDD-FE96-4E0F-B7ED-1EB1E824F721}.Release|Any CPU.Build.0 = Release|Any CPU
		{EE827BDD-B2C1-466D-B74E-5F1D857EEF8E}.Debug|Any CPU.ActiveCfg = Debug|Any CPU
		{EE827BDD-B2C1-466D-B74E-5F1D857EEF8E}.Debug|Any CPU.Build.0 = Debug|Any CPU
		{EE827BDD-B2C1-466D-B74E-5F1D857EEF8E}.Release|Any CPU.ActiveCfg = Release|Any CPU
		{EE827BDD-B2C1-466D-B74E-5F1D857EEF8E}.Release|Any CPU.Build.0 = Release|Any CPU
	EndGlobalSection
	GlobalSection(SolutionProperties) = preSolution
		HideSolutionNode = FALSE
	EndGlobalSection
	GlobalSection(ExtensibilityGlobals) = postSolution
		SolutionGuid = {502D36F5-4D9A-4AC5-BA2F-8E7A5594A90C}
	EndGlobalSection
EndGlobal
